
Microsoft Visual Studio Solution File, Format Version 12.00
# Visual Studio Version 17
VisualStudioVersion = 17.9.34714.143
MinimumVisualStudioVersion = 10.0.40219.1
Project("{FAE04EC0-301F-11D3-BF4B-00C04F79EFBC}") = "FakturaMaker", "FakturaMaker.csproj", "{13BED36A-7882-44E9-A2D9-A6FB67B0A895}"
EndProject
Global
	GlobalSection(SolutionConfigurationPlatforms) = preSolution
		Debug|Any CPU = Debug|Any CPU
		Release|Any CPU = Release|Any CPU
	EndGlobalSection
	GlobalSection(ProjectConfigurationPlatforms) = postSolution
		{13BED36A-7882-44E9-A2D9-A6FB67B0A895}.Debug|Any CPU.ActiveCfg = Debug|Any CPU
		{13BED36A-7882-44E9-A2D9-A6FB67B0A895}.Debug|Any CPU.Build.0 = Debug|Any CPU
		{13BED36A-7882-44E9-A2D9-A6FB67B0A895}.Release|Any CPU.ActiveCfg = Release|Any CPU
		{13BED36A-7882-44E9-A2D9-A6FB67B0A895}.Release|Any CPU.Build.0 = Release|Any CPU
	EndGlobalSection
	GlobalSection(SolutionProperties) = preSolution
		HideSolutionNode = FALSE
	EndGlobalSection
	GlobalSection(ExtensibilityGlobals) = postSolution
		SolutionGuid = {247117AF-5E28-443C-9158-E26D0187325F}
	EndGlobalSection
EndGlobal
